
Microsoft Visual Studio Solution File, Format Version 12.00
# Visual Studio 15
VisualStudioVersion = 15.0.28307.757
MinimumVisualStudioVersion = 10.0.40219.1
Project("{9A19103F-16F7-4668-BE54-9A1E7A4F7556}") = "01.Stealer", "01.Stealer\01.Stealer.csproj", "{94166F5B-F3A0-4090-BDDC-D32CF7E8A49B}"
EndProject
Project("{FAE04EC0-301F-11D3-BF4B-00C04F79EFBC}") = "02.HighQualityMistakes", "02.HighQualityMistakes\02.HighQualityMistakes.csproj", "{0FEEE180-A534-4307-AF0F-320324001735}"
EndProject
Global
	GlobalSection(SolutionConfigurationPlatforms) = preSolution
		Debug|Any CPU = Debug|Any CPU
		Release|Any CPU = Release|Any CPU
	EndGlobalSection
	GlobalSection(ProjectConfigurationPlatforms) = postSolution
		{94166F5B-F3A0-4090-BDDC-D32CF7E8A49B}.Debug|Any CPU.ActiveCfg = Debug|Any CPU
		{94166F5B-F3A0-4090-BDDC-D32CF7E8A49B}.Debug|Any CPU.Build.0 = Debug|Any CPU
		{94166F5B-F3A0-4090-BDDC-D32CF7E8A49B}.Release|Any CPU.ActiveCfg = Release|Any CPU
		{94166F5B-F3A0-4090-BDDC-D32CF7E8A49B}.Release|Any CPU.Build.0 = Release|Any CPU
		{0FEEE180-A534-4307-AF0F-320324001735}.Debug|Any CPU.ActiveCfg = Debug|Any CPU
		{0FEEE180-A534-4307-AF0F-320324001735}.Debug|Any CPU.Build.0 = Debug|Any CPU
		{0FEEE180-A534-4307-AF0F-320324001735}.Release|Any CPU.ActiveCfg = Release|Any CPU
		{0FEEE180-A534-4307-AF0F-320324001735}.Release|Any CPU.Build.0 = Release|Any CPU
	EndGlobalSection
	GlobalSection(SolutionProperties) = preSolution
		HideSolutionNode = FALSE
	EndGlobalSection
	GlobalSection(ExtensibilityGlobals) = postSolution
		SolutionGuid = {D8074376-F2C5-4759-B0D7-2B364E9BFB84}
	EndGlobalSection
EndGlobal
