
Microsoft Visual Studio Solution File, Format Version 12.00
# Visual Studio 15
VisualStudioVersion = 15.0.28307.779
MinimumVisualStudioVersion = 10.0.40219.1
Project("{9A19103F-16F7-4668-BE54-9A1E7A4F7556}") = "SpaceStation", "SpaceStation.csproj", "{A73C4E67-B107-40E3-850B-D16E4244877A}"
EndProject
Global
	GlobalSection(SolutionConfigurationPlatforms) = preSolution
		Debug|Any CPU = Debug|Any CPU
		Release|Any CPU = Release|Any CPU
	EndGlobalSection
	GlobalSection(ProjectConfigurationPlatforms) = postSolution
		{A73C4E67-B107-40E3-850B-D16E4244877A}.Debug|Any CPU.ActiveCfg = Debug|Any CPU
		{A73C4E67-B107-40E3-850B-D16E4244877A}.Debug|Any CPU.Build.0 = Debug|Any CPU
		{A73C4E67-B107-40E3-850B-D16E4244877A}.Release|Any CPU.ActiveCfg = Release|Any CPU
		{A73C4E67-B107-40E3-850B-D16E4244877A}.Release|Any CPU.Build.0 = Release|Any CPU
	EndGlobalSection
	GlobalSection(SolutionProperties) = preSolution
		HideSolutionNode = FALSE
	EndGlobalSection
	GlobalSection(ExtensibilityGlobals) = postSolution
		SolutionGuid = {E45A6CC4-96B5-401A-B5C4-98B39A7D2557}
	EndGlobalSection
EndGlobal
